{
    "_readme": [
        "This file locks the dependencies of your project to a known state",
        "Read more about it at https://getcomposer.org/doc/01-basic-usage.md#composer-lock-the-lock-file",
        "This file is @generated automatically"
    ],
    "hash": "32b658cc04fa1c3fddedc1ce336f153f",
    "content-hash": "ae8b85ca733d23ce3606f03770e1ab2b",
    "packages": [
        {
            "name": "jobles/core-php",
            "version": "dev-master",
            "source": {
                "type": "git",
                "url": "https://github.com/jobles/core-php.git",
                "reference": "05c86c0a8cdd1f84b8647ae13214c64e06616fa6"
            },
            "dist": {
                "type": "zip",
                "url": "https://api.github.com/repos/jobles/core-php/zipball/05c86c0a8cdd1f84b8647ae13214c64e06616fa6",
                "reference": "05c86c0a8cdd1f84b8647ae13214c64e06616fa6",
                "shasum": ""
            },
            "require": {
                "php": ">=5.5"
            },
            "type": "library",
            "autoload": {
                "psr-4": {
                    "Jobles\\Core\\": "src/"
                }
            },
            "notification-url": "https://packagist.org/downloads/",
            "license": [
                "MIT"
            ],
            "authors": [
                {
                    "name": "Jobl.es Developers",
                    "email": "contact@jobl.es",
                    "homepage": "http://jobl.es"
                }
            ],
            "description": "Jobl.es core PHP library",
            "homepage": "https://github.com/jobles/core-php",
            "time": "2016-02-12 06:20:50"
        }
    ],
    "packages-dev": [],
    "aliases": [],
    "minimum-stability": "stable",
    "stability-flags": {
        "jobles/core-php": 20
    },
    "prefer-stable": false,
    "prefer-lowest": false,
    "platform": {
        "php": ">=5.5"
    },
    "platform-dev": []
}
